
Microsoft Visual Studio Solution File, Format Version 12.00
Project("{FAE04EC0-301F-11D3-BF4B-00C04F79EFBC}") = "CloudWatchLogPump", "src\CloudWatchLogPump\CloudWatchLogPump.csproj", "{762ABA85-B9D2-495F-BB85-241C315A3B6F}"
EndProject
Global
	GlobalSection(SolutionConfigurationPlatforms) = preSolution
		Debug|Any CPU = Debug|Any CPU
		Release|Any CPU = Release|Any CPU
	EndGlobalSection
	GlobalSection(ProjectConfigurationPlatforms) = postSolution
		{762ABA85-B9D2-495F-BB85-241C315A3B6F}.Debug|Any CPU.ActiveCfg = Debug|Any CPU
		{762ABA85-B9D2-495F-BB85-241C315A3B6F}.Debug|Any CPU.Build.0 = Debug|Any CPU
		{762ABA85-B9D2-495F-BB85-241C315A3B6F}.Release|Any CPU.ActiveCfg = Release|Any CPU
		{762ABA85-B9D2-495F-BB85-241C315A3B6F}.Release|Any CPU.Build.0 = Release|Any CPU
	EndGlobalSection
EndGlobal
